
Microsoft Visual Studio Solution File, Format Version 12.00
# Visual Studio Version 16
VisualStudioVersion = 16.0.30804.86
MinimumVisualStudioVersion = 10.0.40219.1
Project("{FAE04EC0-301F-11D3-BF4B-00C04F79EFBC}") = "STCP", "Laba3.Net\STCP.csproj", "{4F890B2F-EEC6-4FE4-A90F-85E8769CB1D2}"
EndProject
Project("{FAE04EC0-301F-11D3-BF4B-00C04F79EFBC}") = "Client", "Laba3.1.Net\Client.csproj", "{3740D5B7-CD92-479E-ABC2-C77DE3C4EE0F}"
EndProject
Global
	GlobalSection(SolutionConfigurationPlatforms) = preSolution
		Debug|Any CPU = Debug|Any CPU
		Release|Any CPU = Release|Any CPU
	EndGlobalSection
	GlobalSection(ProjectConfigurationPlatforms) = postSolution
		{4F890B2F-EEC6-4FE4-A90F-85E8769CB1D2}.Debug|Any CPU.ActiveCfg = Debug|Any CPU
		{4F890B2F-EEC6-4FE4-A90F-85E8769CB1D2}.Debug|Any CPU.Build.0 = Debug|Any CPU
		{4F890B2F-EEC6-4FE4-A90F-85E8769CB1D2}.Release|Any CPU.ActiveCfg = Release|Any CPU
		{4F890B2F-EEC6-4FE4-A90F-85E8769CB1D2}.Release|Any CPU.Build.0 = Release|Any CPU
		{3740D5B7-CD92-479E-ABC2-C77DE3C4EE0F}.Debug|Any CPU.ActiveCfg = Debug|Any CPU
		{3740D5B7-CD92-479E-ABC2-C77DE3C4EE0F}.Debug|Any CPU.Build.0 = Debug|Any CPU
		{3740D5B7-CD92-479E-ABC2-C77DE3C4EE0F}.Release|Any CPU.ActiveCfg = Release|Any CPU
		{3740D5B7-CD92-479E-ABC2-C77DE3C4EE0F}.Release|Any CPU.Build.0 = Release|Any CPU
	EndGlobalSection
	GlobalSection(SolutionProperties) = preSolution
		HideSolutionNode = FALSE
	EndGlobalSection
	GlobalSection(ExtensibilityGlobals) = postSolution
		SolutionGuid = {7A5D8D83-88E0-44E8-9A90-0F976BCF8AC0}
	EndGlobalSection
EndGlobal
